// !$*UTF8*$!
{
	archiveVersion = 1;
	classes = {
	};
	objectVersion = 55;
	objects = {

/* Begin PBXBuildFile section */
		2F019F332A65E38300EDB17B /* Business.swift in Sources */ = {isa = PBXBuildFile; fileRef = 2F019F322A65E38300EDB17B /* Business.swift */; };
		2F019F352A65E97700EDB17B /* BusinessSearch.swift in Sources */ = {isa = PBXBuildFile; fileRef = 2F019F342A65E97700EDB17B /* BusinessSearch.swift */; };
		2F019F382A65EE1C00EDB17B /* Constants.swift in Sources */ = {isa = PBXBuildFile; fileRef = 2F019F372A65EE1C00EDB17B /* Constants.swift */; };
		2F019F3D2A65F0E500EDB17B /* HomeView.swift in Sources */ = {isa = PBXBuildFile; fileRef = 2F019F3C2A65F0E500EDB17B /* HomeView.swift */; };
		2F019F402A65F50F00EDB17B /* BusinessList.swift in Sources */ = {isa = PBXBuildFile; fileRef = 2F019F3F2A65F50F00EDB17B /* BusinessList.swift */; };
		2F019F422A65F91800EDB17B /* BusinessSectionHeader.swift in Sources */ = {isa = PBXBuildFile; fileRef = 2F019F412A65F91800EDB17B /* BusinessSectionHeader.swift */; };
		2F019F442A65FA1500EDB17B /* BusinessSection.swift in Sources */ = {isa = PBXBuildFile; fileRef = 2F019F432A65FA1500EDB17B /* BusinessSection.swift */; };
		2F019F462A662C8D00EDB17B /* BusinessRow.swift in Sources */ = {isa = PBXBuildFile; fileRef = 2F019F452A662C8D00EDB17B /* BusinessRow.swift */; };
		2FEB7DFE28A1763200E7C2DC /* Yelp_AppApp.swift in Sources */ = {isa = PBXBuildFile; fileRef = 2FEB7DFD28A1763200E7C2DC /* Yelp_AppApp.swift */; };
		2FEB7E0028A1763200E7C2DC /* LaunchView.swift in Sources */ = {isa = PBXBuildFile; fileRef = 2FEB7DFF28A1763200E7C2DC /* LaunchView.swift */; };
		2FEB7E0228A1763900E7C2DC /* Assets.xcassets in Resources */ = {isa = PBXBuildFile; fileRef = 2FEB7E0128A1763900E7C2DC /* Assets.xcassets */; };
		2FEB7E0528A1763900E7C2DC /* Preview Assets.xcassets in Resources */ = {isa = PBXBuildFile; fileRef = 2FEB7E0428A1763900E7C2DC /* Preview Assets.xcassets */; };
		2FEB7E0F28A1974F00E7C2DC /* ContentModel.swift in Sources */ = {isa = PBXBuildFile; fileRef = 2FEB7E0E28A1974F00E7C2DC /* ContentModel.swift */; };
/* End PBXBuildFile section */

/* Begin PBXFileReference section */
		2F019F322A65E38300EDB17B /* Business.swift */ = {isa = PBXFileReference; lastKnownFileType = sourcecode.swift; path = Business.swift; sourceTree = "<group>"; };
		2F019F342A65E97700EDB17B /* BusinessSearch.swift */ = {isa = PBXFileReference; lastKnownFileType = sourcecode.swift; path = BusinessSearch.swift; sourceTree = "<group>"; };
		2F019F372A65EE1C00EDB17B /* Constants.swift */ = {isa = PBXFileReference; lastKnownFileType = sourcecode.swift; path = Constants.swift; sourceTree = "<group>"; };
		2F019F3C2A65F0E500EDB17B /* HomeView.swift */ = {isa = PBXFileReference; lastKnownFileType = sourcecode.swift; path = HomeView.swift; sourceTree = "<group>"; };
		2F019F3F2A65F50F00EDB17B /* BusinessList.swift */ = {isa = PBXFileReference; lastKnownFileType = sourcecode.swift; path = BusinessList.swift; sourceTree = "<group>"; };
		2F019F412A65F91800EDB17B /* BusinessSectionHeader.swift */ = {isa = PBXFileReference; lastKnownFileType = sourcecode.swift; path = BusinessSectionHeader.swift; sourceTree = "<group>"; };
		2F019F432A65FA1500EDB17B /* BusinessSection.swift */ = {isa = PBXFileReference; lastKnownFileType = sourcecode.swift; path = BusinessSection.swift; sourceTree = "<group>"; };
		2F019F452A662C8D00EDB17B /* BusinessRow.swift */ = {isa = PBXFileReference; lastKnownFileType = sourcecode.swift; path = BusinessRow.swift; sourceTree = "<group>"; };
		2FEB7DFA28A1763200E7C2DC /* Yelp App.app */ = {isa = PBXFileReference; explicitFileType = wrapper.application; includeInIndex = 0; path = "Yelp App.app"; sourceTree = BUILT_PRODUCTS_DIR; };
		2FEB7DFD28A1763200E7C2DC /* Yelp_AppApp.swift */ = {isa = PBXFileReference; lastKnownFileType = sourcecode.swift; path = Yelp_AppApp.swift; sourceTree = "<group>"; };
		2FEB7DFF28A1763200E7C2DC /* LaunchView.swift */ = {isa = PBXFileReference; lastKnownFileType = sourcecode.swift; path = LaunchView.swift; sourceTree = "<group>"; };
		2FEB7E0128A1763900E7C2DC /* Assets.xcassets */ = {isa = PBXFileReference; lastKnownFileType = folder.assetcatalog; path = Assets.xcassets; sourceTree = "<group>"; };
		2FEB7E0428A1763900E7C2DC /* Preview Assets.xcassets */ = {isa = PBXFileReference; lastKnownFileType = folder.assetcatalog; path = "Preview Assets.xcassets"; sourceTree = "<group>"; };
		2FEB7E0E28A1974F00E7C2DC /* ContentModel.swift */ = {isa = PBXFileReference; lastKnownFileType = sourcecode.swift; path = ContentModel.swift; sourceTree = "<group>"; };
/* End PBXFileReference section */

/* Begin PBXFrameworksBuildPhase section */
		2FEB7DF728A1763200E7C2DC /* Frameworks */ = {
			isa = PBXFrameworksBuildPhase;
			buildActionMask = 2147483647;
			files = (
			);
			runOnlyForDeploymentPostprocessing = 0;
		};
/* End PBXFrameworksBuildPhase section */

/* Begin PBXGroup section */
		2F019F362A65EE0000EDB17B /* Helpers */ = {
			isa = PBXGroup;
			children = (
				2F019F372A65EE1C00EDB17B /* Constants.swift */,
			);
			path = Helpers;
			sourceTree = "<group>";
		};
		2F019F392A65F0B200EDB17B /* OnBoarding */ = {
			isa = PBXGroup;
			children = (
			);
			path = OnBoarding;
			sourceTree = "<group>";
		};
		2F019F3A2A65F0C400EDB17B /* Home */ = {
			isa = PBXGroup;
			children = (
				2F019F3C2A65F0E500EDB17B /* HomeView.swift */,
				2F019F3E2A65F4EE00EDB17B /* List */,
			);
			path = Home;
			sourceTree = "<group>";
		};
		2F019F3B2A65F0CB00EDB17B /* Denied */ = {
			isa = PBXGroup;
			children = (
			);
			path = Denied;
			sourceTree = "<group>";
		};
		2F019F3E2A65F4EE00EDB17B /* List */ = {
			isa = PBXGroup;
			children = (
				2F019F3F2A65F50F00EDB17B /* BusinessList.swift */,
				2F019F412A65F91800EDB17B /* BusinessSectionHeader.swift */,
				2F019F432A65FA1500EDB17B /* BusinessSection.swift */,
				2F019F452A662C8D00EDB17B /* BusinessRow.swift */,
			);
			path = List;
			sourceTree = "<group>";
		};
		2FEB7DF128A1763200E7C2DC = {
			isa = PBXGroup;
			children = (
				2FEB7DFC28A1763200E7C2DC /* Yelp App */,
				2FEB7DFB28A1763200E7C2DC /* Products */,
			);
			sourceTree = "<group>";
		};
		2FEB7DFB28A1763200E7C2DC /* Products */ = {
			isa = PBXGroup;
			children = (
				2FEB7DFA28A1763200E7C2DC /* Yelp App.app */,
			);
			name = Products;
			sourceTree = "<group>";
		};
		2FEB7DFC28A1763200E7C2DC /* Yelp App */ = {
			isa = PBXGroup;
			children = (
				2FEB7DFD28A1763200E7C2DC /* Yelp_AppApp.swift */,
				2FEB7E0D28A176B100E7C2DC /* Views */,
				2FEB7E0C28A176A600E7C2DC /* ViewModels */,
				2FEB7E0B28A1769F00E7C2DC /* Models */,
				2F019F362A65EE0000EDB17B /* Helpers */,
				2FEB7E0128A1763900E7C2DC /* Assets.xcassets */,
				2FEB7E0328A1763900E7C2DC /* Preview Content */,
			);
			path = "Yelp App";
			sourceTree = "<group>";
		};
		2FEB7E0328A1763900E7C2DC /* Preview Content */ = {
			isa = PBXGroup;
			children = (
				2FEB7E0428A1763900E7C2DC /* Preview Assets.xcassets */,
			);
			path = "Preview Content";
			sourceTree = "<group>";
		};
		2FEB7E0B28A1769F00E7C2DC /* Models */ = {
			isa = PBXGroup;
			children = (
				2F019F322A65E38300EDB17B /* Business.swift */,
				2F019F342A65E97700EDB17B /* BusinessSearch.swift */,
			);
			path = Models;
			sourceTree = "<group>";
		};
		2FEB7E0C28A176A600E7C2DC /* ViewModels */ = {
			isa = PBXGroup;
			children = (
				2FEB7E0E28A1974F00E7C2DC /* ContentModel.swift */,
			);
			path = ViewModels;
			sourceTree = "<group>";
		};
		2FEB7E0D28A176B100E7C2DC /* Views */ = {
			isa = PBXGroup;
			children = (
				2F019F3A2A65F0C400EDB17B /* Home */,
				2F019F3B2A65F0CB00EDB17B /* Denied */,
				2F019F392A65F0B200EDB17B /* OnBoarding */,
				2FEB7DFF28A1763200E7C2DC /* LaunchView.swift */,
			);
			path = Views;
			sourceTree = "<group>";
		};
/* End PBXGroup section */

/* Begin PBXNativeTarget section */
		2FEB7DF928A1763200E7C2DC /* Yelp App */ = {
			isa = PBXNativeTarget;
			buildConfigurationList = 2FEB7E0828A1763900E7C2DC /* Build configuration list for PBXNativeTarget "Yelp App" */;
			buildPhases = (
				2FEB7DF628A1763200E7C2DC /* Sources */,
				2FEB7DF728A1763200E7C2DC /* Frameworks */,
				2FEB7DF828A1763200E7C2DC /* Resources */,
			);
			buildRules = (
			);
			dependencies = (
			);
			name = "Yelp App";
			productName = "Yelp App";
			productReference = 2FEB7DFA28A1763200E7C2DC /* Yelp App.app */;
			productType = "com.apple.product-type.application";
		};
/* End PBXNativeTarget section */

/* Begin PBXProject section */
		2FEB7DF228A1763200E7C2DC /* Project object */ = {
			isa = PBXProject;
			attributes = {
				BuildIndependentTargetsInParallel = 1;
				LastSwiftUpdateCheck = 1340;
				LastUpgradeCheck = 1340;
				TargetAttributes = {
					2FEB7DF928A1763200E7C2DC = {
						CreatedOnToolsVersion = 13.4.1;
					};
				};
			};
			buildConfigurationList = 2FEB7DF528A1763200E7C2DC /* Build configuration list for PBXProject "Yelp App" */;
			compatibilityVersion = "Xcode 13.0";
			developmentRegion = en;
			hasScannedForEncodings = 0;
			knownRegions = (
				en,
				Base,
			);
			mainGroup = 2FEB7DF128A1763200E7C2DC;
			productRefGroup = 2FEB7DFB28A1763200E7C2DC /* Products */;
			projectDirPath = "";
			projectRoot = "";
			targets = (
				2FEB7DF928A1763200E7C2DC /* Yelp App */,
			);
		};
/* End PBXProject section */

/* Begin PBXResourcesBuildPhase section */
		2FEB7DF828A1763200E7C2DC /* Resources */ = {
			isa = PBXResourcesBuildPhase;
			buildActionMask = 2147483647;
			files = (
				2FEB7E0528A1763900E7C2DC /* Preview Assets.xcassets in Resources */,
				2FEB7E0228A1763900E7C2DC /* Assets.xcassets in Resources */,
			);
			runOnlyForDeploymentPostprocessing = 0;
		};
/* End PBXResourcesBuildPhase section */

/* Begin PBXSourcesBuildPhase section */
		2FEB7DF628A1763200E7C2DC /* Sources */ = {
			isa = PBXSourcesBuildPhase;
			buildActionMask = 2147483647;
			files = (
				2FEB7E0028A1763200E7C2DC /* LaunchView.swift in Sources */,
				2F019F462A662C8D00EDB17B /* BusinessRow.swift in Sources */,
				2F019F3D2A65F0E500EDB17B /* HomeView.swift in Sources */,
				2F019F332A65E38300EDB17B /* Business.swift in Sources */,
				2F019F422A65F91800EDB17B /* BusinessSectionHeader.swift in Sources */,
				2FEB7DFE28A1763200E7C2DC /* Yelp_AppApp.swift in Sources */,
				2F019F352A65E97700EDB17B /* BusinessSearch.swift in Sources */,
				2F019F402A65F50F00EDB17B /* BusinessList.swift in Sources */,
				2F019F442A65FA1500EDB17B /* BusinessSection.swift in Sources */,
				2FEB7E0F28A1974F00E7C2DC /* ContentModel.swift in Sources */,
				2F019F382A65EE1C00EDB17B /* Constants.swift in Sources */,
			);
			runOnlyForDeploymentPostprocessing = 0;
		};
/* End PBXSourcesBuildPhase section */

/* Begin XCBuildConfiguration section */
		2FEB7E0628A1763900E7C2DC /* Debug */ = {
			isa = XCBuildConfiguration;
			buildSettings = {
				ALWAYS_SEARCH_USER_PATHS = NO;
				CLANG_ANALYZER_NONNULL = YES;
				CLANG_ANALYZER_NUMBER_OBJECT_CONVERSION = YES_AGGRESSIVE;
				CLANG_CXX_LANGUAGE_STANDARD = "gnu++17";
				CLANG_ENABLE_MODULES = YES;
				CLANG_ENABLE_OBJC_ARC = YES;
				CLANG_ENABLE_OBJC_WEAK = YES;
				CLANG_WARN_BLOCK_CAPTURE_AUTORELEASING = YES;
				CLANG_WARN_BOOL_CONVERSION = YES;
				CLANG_WARN_COMMA = YES;
				CLANG_WARN_CONSTANT_CONVERSION = YES;
				CLANG_WARN_DEPRECATED_OBJC_IMPLEMENTATIONS = YES;
				CLANG_WARN_DIRECT_OBJC_ISA_USAGE = YES_ERROR;
				CLANG_WARN_DOCUMENTATION_COMMENTS = YES;
				CLANG_WARN_EMPTY_BODY = YES;
				CLANG_WARN_ENUM_CONVERSION = YES;
				CLANG_WARN_INFINITE_RECURSION = YES;
				CLANG_WARN_INT_CONVERSION = YES;
				CLANG_WARN_NON_LITERAL_NULL_CONVERSION = YES;
				CLANG_WARN_OBJC_IMPLICIT_RETAIN_SELF = YES;
				CLANG_WARN_OBJC_LITERAL_CONVERSION = YES;
				CLANG_WARN_OBJC_ROOT_CLASS = YES_ERROR;
				CLANG_WARN_QUOTED_INCLUDE_IN_FRAMEWORK_HEADER = YES;
				CLANG_WARN_RANGE_LOOP_ANALYSIS = YES;
				CLANG_WARN_STRICT_PROTOTYPES = YES;
				CLANG_WARN_SUSPICIOUS_MOVE = YES;
				CLANG_WARN_UNGUARDED_AVAILABILITY = YES_AGGRESSIVE;
				CLANG_WARN_UNREACHABLE_CODE = YES;
				CLANG_WARN__DUPLICATE_METHOD_MATCH = YES;
				COPY_PHASE_STRIP = NO;
				DEBUG_INFORMATION_FORMAT = dwarf;
				ENABLE_STRICT_OBJC_MSGSEND = YES;
				ENABLE_TESTABILITY = YES;
				GCC_C_LANGUAGE_STANDARD = gnu11;
				GCC_DYNAMIC_NO_PIC = NO;
				GCC_NO_COMMON_BLOCKS = YES;
				GCC_OPTIMIZATION_LEVEL = 0;
				GCC_PREPROCESSOR_DEFINITIONS = (
					"DEBUG=1",
					"$(inherited)",
				);
				GCC_WARN_64_TO_32_BIT_CONVERSION = YES;
				GCC_WARN_ABOUT_RETURN_TYPE = YES_ERROR;
				GCC_WARN_UNDECLARED_SELECTOR = YES;
				GCC_WARN_UNINITIALIZED_AUTOS = YES_AGGRESSIVE;
				GCC_WARN_UNUSED_FUNCTION = YES;
				GCC_WARN_UNUSED_VARIABLE = YES;
				IPHONEOS_DEPLOYMENT_TARGET = 15.5;
				MTL_ENABLE_DEBUG_INFO = INCLUDE_SOURCE;
				MTL_FAST_MATH = YES;
				ONLY_ACTIVE_ARCH = YES;
				SDKROOT = iphoneos;
				SWIFT_ACTIVE_COMPILATION_CONDITIONS = DEBUG;
				SWIFT_OPTIMIZATION_LEVEL = "-Onone";
			};
			name = Debug;
		};
		2FEB7E0728A1763900E7C2DC /* Release */ = {
			isa = XCBuildConfiguration;
			buildSettings = {
				ALWAYS_SEARCH_USER_PATHS = NO;
				CLANG_ANALYZER_NONNULL = YES;
				CLANG_ANALYZER_NUMBER_OBJECT_CONVERSION = YES_AGGRESSIVE;
				CLANG_CXX_LANGUAGE_STANDARD = "gnu++17";
				CLANG_ENABLE_MODULES = YES;
				CLANG_ENABLE_OBJC_ARC = YES;
				CLANG_ENABLE_OBJC_WEAK = YES;
				CLANG_WARN_BLOCK_CAPTURE_AUTORELEASING = YES;
				CLANG_WARN_BOOL_CONVERSION = YES;
				CLANG_WARN_COMMA = YES;
				CLANG_WARN_CONSTANT_CONVERSION = YES;
				CLANG_WARN_DEPRECATED_OBJC_IMPLEMENTATIONS = YES;
				CLANG_WARN_DIRECT_OBJC_ISA_USAGE = YES_ERROR;
				CLANG_WARN_DOCUMENTATION_COMMENTS = YES;
				CLANG_WARN_EMPTY_BODY = YES;
				CLANG_WARN_ENUM_CONVERSION = YES;
				CLANG_WARN_INFINITE_RECURSION = YES;
				CLANG_WARN_INT_CONVERSION = YES;
				CLANG_WARN_NON_LITERAL_NULL_CONVERSION = YES;
				CLANG_WARN_OBJC_IMPLICIT_RETAIN_SELF = YES;
				CLANG_WARN_OBJC_LITERAL_CONVERSION = YES;
				CLANG_WARN_OBJC_ROOT_CLASS = YES_ERROR;
				CLANG_WARN_QUOTED_INCLUDE_IN_FRAMEWORK_HEADER = YES;
				CLANG_WARN_RANGE_LOOP_ANALYSIS = YES;
				CLANG_WARN_STRICT_PROTOTYPES = YES;
				CLANG_WARN_SUSPICIOUS_MOVE = YES;
				CLANG_WARN_UNGUARDED_AVAILABILITY = YES_AGGRESSIVE;
				CLANG_WARN_UNREACHABLE_CODE = YES;
				CLANG_WARN__DUPLICATE_METHOD_MATCH = YES;
				COPY_PHASE_STRIP = NO;
				DEBUG_INFORMATION_FORMAT = "dwarf-with-dsym";
				ENABLE_NS_ASSERTIONS = NO;
				ENABLE_STRICT_OBJC_MSGSEND = YES;
				GCC_C_LANGUAGE_STANDARD = gnu11;
				GCC_NO_COMMON_BLOCKS = YES;
				GCC_WARN_64_TO_32_BIT_CONVERSION = YES;
				GCC_WARN_ABOUT_RETURN_TYPE = YES_ERROR;
				GCC_WARN_UNDECLARED_SELECTOR = YES;
				GCC_WARN_UNINITIALIZED_AUTOS = YES_AGGRESSIVE;
				GCC_WARN_UNUSED_FUNCTION = YES;
				GCC_WARN_UNUSED_VARIABLE = YES;
				IPHONEOS_DEPLOYMENT_TARGET = 15.5;
				MTL_ENABLE_DEBUG_INFO = NO;
				MTL_FAST_MATH = YES;
				SDKROOT = iphoneos;
				SWIFT_COMPILATION_MODE = wholemodule;
				SWIFT_OPTIMIZATION_LEVEL = "-O";
				VALIDATE_PRODUCT = YES;
			};
			name = Release;
		};
		2FEB7E0928A1763900E7C2DC /* Debug */ = {
			isa = XCBuildConfiguration;
			buildSettings = {
				ASSETCATALOG_COMPILER_APPICON_NAME = AppIcon;
				ASSETCATALOG_COMPILER_GLOBAL_ACCENT_COLOR_NAME = AccentColor;
				CODE_SIGN_STYLE = Automatic;
				CURRENT_PROJECT_VERSION = 1;
				DEVELOPMENT_ASSET_PATHS = "\"Yelp App/Preview Content\"";
				DEVELOPMENT_TEAM = 6WWDF2SGLL;
				ENABLE_PREVIEWS = YES;
				GENERATE_INFOPLIST_FILE = YES;
				INFOPLIST_KEY_NSLocationWhenInUseUsageDescription = "Grant permission to find resturants and sights near you.";
				INFOPLIST_KEY_UIApplicationSceneManifest_Generation = YES;
				INFOPLIST_KEY_UIApplicationSupportsIndirectInputEvents = YES;
				INFOPLIST_KEY_UILaunchScreen_Generation = YES;
				INFOPLIST_KEY_UISupportedInterfaceOrientations_iPad = "UIInterfaceOrientationPortrait UIInterfaceOrientationPortraitUpsideDown UIInterfaceOrientationLandscapeLeft UIInterfaceOrientationLandscapeRight";
				INFOPLIST_KEY_UISupportedInterfaceOrientations_iPhone = "UIInterfaceOrientationPortrait UIInterfaceOrientationLandscapeLeft UIInterfaceOrientationLandscapeRight";
				LD_RUNPATH_SEARCH_PATHS = (
					"$(inherited)",
					"@executable_path/Frameworks",
				);
				MARKETING_VERSION = 1.0;
				PRODUCT_BUNDLE_IDENTIFIER = "com.aboodmo.Yelp-App";
				PRODUCT_NAME = "$(TARGET_NAME)";
				SWIFT_EMIT_LOC_STRINGS = YES;
				SWIFT_VERSION = 5.0;
				TARGETED_DEVICE_FAMILY = "1,2";
			};
			name = Debug;
		};
		2FEB7E0A28A1763900E7C2DC /* Release */ = {
			isa = XCBuildConfiguration;
			buildSettings = {
				ASSETCATALOG_COMPILER_APPICON_NAME = AppIcon;
				ASSETCATALOG_COMPILER_GLOBAL_ACCENT_COLOR_NAME = AccentColor;
				CODE_SIGN_STYLE = Automatic;
				CURRENT_PROJECT_VERSION = 1;
				DEVELOPMENT_ASSET_PATHS = "\"Yelp App/Preview Content\"";
				DEVELOPMENT_TEAM = 6WWDF2SGLL;
				ENABLE_PREVIEWS = YES;
				GENERATE_INFOPLIST_FILE = YES;
				INFOPLIST_KEY_NSLocationWhenInUseUsageDescription = "Grant permission to find resturants and sights near you.";
				INFOPLIST_KEY_UIApplicationSceneManifest_Generation = YES;
				INFOPLIST_KEY_UIApplicationSupportsIndirectInputEvents = YES;
				INFOPLIST_KEY_UILaunchScreen_Generation = YES;
				INFOPLIST_KEY_UISupportedInterfaceOrientations_iPad = "UIInterfaceOrientationPortrait UIInterfaceOrientationPortraitUpsideDown UIInterfaceOrientationLandscapeLeft UIInterfaceOrientationLandscapeRight";
				INFOPLIST_KEY_UISupportedInterfaceOrientations_iPhone = "UIInterfaceOrientationPortrait UIInterfaceOrientationLandscapeLeft UIInterfaceOrientationLandscapeRight";
				LD_RUNPATH_SEARCH_PATHS = (
					"$(inherited)",
					"@executable_path/Frameworks",
				);
				MARKETING_VERSION = 1.0;
				PRODUCT_BUNDLE_IDENTIFIER = "com.aboodmo.Yelp-App";
				PRODUCT_NAME = "$(TARGET_NAME)";
				SWIFT_EMIT_LOC_STRINGS = YES;
				SWIFT_VERSION = 5.0;
				TARGETED_DEVICE_FAMILY = "1,2";
			};
			name = Release;
		};
/* End XCBuildConfiguration section */

/* Begin XCConfigurationList section */
		2FEB7DF528A1763200E7C2DC /* Build configuration list for PBXProject "Yelp App" */ = {
			isa = XCConfigurationList;
			buildConfigurations = (
				2FEB7E0628A1763900E7C2DC /* Debug */,
				2FEB7E0728A1763900E7C2DC /* Release */,
			);
			defaultConfigurationIsVisible = 0;
			defaultConfigurationName = Release;
		};
		2FEB7E0828A1763900E7C2DC /* Build configuration list for PBXNativeTarget "Yelp App" */ = {
			isa = XCConfigurationList;
			buildConfigurations = (
				2FEB7E0928A1763900E7C2DC /* Debug */,
				2FEB7E0A28A1763900E7C2DC /* Release */,
			);
			defaultConfigurationIsVisible = 0;
			defaultConfigurationName = Release;
		};
/* End XCConfigurationList section */
	};
	rootObject = 2FEB7DF228A1763200E7C2DC /* Project object */;
}
